
Microsoft Visual Studio Solution File, Format Version 12.00
# Visual Studio Version 17
VisualStudioVersion = 17.9.34607.119
MinimumVisualStudioVersion = 10.0.40219.1
Project("{FAE04EC0-301F-11D3-BF4B-00C04F79EFBC}") = "CalculadoraAOTY", "CalculadoraAOTY\CalculadoraAOTY.csproj", "{D5C6B64A-4FEC-4105-85C2-ED25725B4471}"
EndProject
Global
	GlobalSection(SolutionConfigurationPlatforms) = preSolution
		Debug|Any CPU = Debug|Any CPU
		Release|Any CPU = Release|Any CPU
	EndGlobalSection
	GlobalSection(ProjectConfigurationPlatforms) = postSolution
		{D5C6B64A-4FEC-4105-85C2-ED25725B4471}.Debug|Any CPU.ActiveCfg = Debug|Any CPU
		{D5C6B64A-4FEC-4105-85C2-ED25725B4471}.Debug|Any CPU.Build.0 = Debug|Any CPU
		{D5C6B64A-4FEC-4105-85C2-ED25725B4471}.Release|Any CPU.ActiveCfg = Release|Any CPU
		{D5C6B64A-4FEC-4105-85C2-ED25725B4471}.Release|Any CPU.Build.0 = Release|Any CPU
	EndGlobalSection
	GlobalSection(SolutionProperties) = preSolution
		HideSolutionNode = FALSE
	EndGlobalSection
	GlobalSection(ExtensibilityGlobals) = postSolution
		SolutionGuid = {F12A4EEA-8A5A-48AF-BED2-6654120AB142}
	EndGlobalSection
EndGlobal
